
Microsoft Visual Studio Solution File, Format Version 12.00
# Visual Studio Version 16
VisualStudioVersion = 16.0.31402.337
MinimumVisualStudioVersion = 10.0.40219.1
Project("{9A19103F-16F7-4668-BE54-9A1E7A4F7556}") = "Stack.Test", "Stack.Test.csproj", "{CDA08E30-B084-4DF3-9B4B-C7CAA933506E}"
EndProject
Project("{FAE04EC0-301F-11D3-BF4B-00C04F79EFBC}") = "Stack", "..\Stack\Stack.csproj", "{564FE667-F60B-453B-A04D-3CD3D6CC04B6}"
EndProject
Global
	GlobalSection(SolutionConfigurationPlatforms) = preSolution
		Debug|Any CPU = Debug|Any CPU
		Release|Any CPU = Release|Any CPU
	EndGlobalSection
	GlobalSection(ProjectConfigurationPlatforms) = postSolution
		{CDA08E30-B084-4DF3-9B4B-C7CAA933506E}.Debug|Any CPU.ActiveCfg = Debug|Any CPU
		{CDA08E30-B084-4DF3-9B4B-C7CAA933506E}.Debug|Any CPU.Build.0 = Debug|Any CPU
		{CDA08E30-B084-4DF3-9B4B-C7CAA933506E}.Release|Any CPU.ActiveCfg = Release|Any CPU
		{CDA08E30-B084-4DF3-9B4B-C7CAA933506E}.Release|Any CPU.Build.0 = Release|Any CPU
		{564FE667-F60B-453B-A04D-3CD3D6CC04B6}.Debug|Any CPU.ActiveCfg = Debug|Any CPU
		{564FE667-F60B-453B-A04D-3CD3D6CC04B6}.Debug|Any CPU.Build.0 = Debug|Any CPU
		{564FE667-F60B-453B-A04D-3CD3D6CC04B6}.Release|Any CPU.ActiveCfg = Release|Any CPU
		{564FE667-F60B-453B-A04D-3CD3D6CC04B6}.Release|Any CPU.Build.0 = Release|Any CPU
	EndGlobalSection
	GlobalSection(SolutionProperties) = preSolution
		HideSolutionNode = FALSE
	EndGlobalSection
	GlobalSection(ExtensibilityGlobals) = postSolution
		SolutionGuid = {D1A6D23B-8388-4F8E-BBD3-889960D4BDEB}
	EndGlobalSection
EndGlobal
